
Microsoft Visual Studio Solution File, Format Version 12.00
# Visual Studio 15
VisualStudioVersion = 15.0.28307.757
MinimumVisualStudioVersion = 10.0.40219.1
Project("{FAE04EC0-301F-11D3-BF4B-00C04F79EFBC}") = "SyndFeeds", "SyndFeeds\SyndFeeds.csproj", "{7A48E8A7-BA8F-48A7-9A4A-5D22DDC021AD}"
EndProject
Project("{FAE04EC0-301F-11D3-BF4B-00C04F79EFBC}") = "ConsoleAppFeed", "ConsoleAppFeed\ConsoleAppFeed.csproj", "{18E398C0-CF43-44FE-98D9-DF8451159762}"
EndProject
Global
	GlobalSection(SolutionConfigurationPlatforms) = preSolution
		Debug|Any CPU = Debug|Any CPU
		Release|Any CPU = Release|Any CPU
	EndGlobalSection
	GlobalSection(ProjectConfigurationPlatforms) = postSolution
		{7A48E8A7-BA8F-48A7-9A4A-5D22DDC021AD}.Debug|Any CPU.ActiveCfg = Debug|Any CPU
		{7A48E8A7-BA8F-48A7-9A4A-5D22DDC021AD}.Debug|Any CPU.Build.0 = Debug|Any CPU
		{7A48E8A7-BA8F-48A7-9A4A-5D22DDC021AD}.Release|Any CPU.ActiveCfg = Release|Any CPU
		{7A48E8A7-BA8F-48A7-9A4A-5D22DDC021AD}.Release|Any CPU.Build.0 = Release|Any CPU
		{18E398C0-CF43-44FE-98D9-DF8451159762}.Debug|Any CPU.ActiveCfg = Debug|Any CPU
		{18E398C0-CF43-44FE-98D9-DF8451159762}.Debug|Any CPU.Build.0 = Debug|Any CPU
		{18E398C0-CF43-44FE-98D9-DF8451159762}.Release|Any CPU.ActiveCfg = Release|Any CPU
		{18E398C0-CF43-44FE-98D9-DF8451159762}.Release|Any CPU.Build.0 = Release|Any CPU
	EndGlobalSection
	GlobalSection(SolutionProperties) = preSolution
		HideSolutionNode = FALSE
	EndGlobalSection
	GlobalSection(ExtensibilityGlobals) = postSolution
		SolutionGuid = {EBCCD59B-9B69-484E-823F-7CE5BFB315A0}
	EndGlobalSection
EndGlobal
